
Microsoft Visual Studio Solution File, Format Version 10.00
# Visual Studio 2008
Project("{54435603-DBB4-11D2-8724-00A0C9A8B90C}") = "NcFTP", "NcFTP.vdproj", "{6A4EF0C4-5669-447C-9C40-4486E75B3D51}"
EndProject
Global
	GlobalSection(SolutionConfigurationPlatforms) = preSolution
		Release|Default = Release|Default
	EndGlobalSection
	GlobalSection(ProjectConfigurationPlatforms) = postSolution
		{6A4EF0C4-5669-447C-9C40-4486E75B3D51}.Release|Default.ActiveCfg = Release
		{6A4EF0C4-5669-447C-9C40-4486E75B3D51}.Release|Default.Build.0 = Release
	EndGlobalSection
	GlobalSection(SolutionProperties) = preSolution
		HideSolutionNode = FALSE
	EndGlobalSection
EndGlobal
