
Microsoft Visual Studio Solution File, Format Version 9.00
# Visual Studio 2005
Project("{8BC9CEB8-8B4A-11D0-8D11-00A0C91BC942}") = "chess", "chess_2005.vcproj", "{82CAC18C-9E5F-43E1-8F1B-31C746265DEC}"
EndProject
Global
	GlobalSection(SolutionConfigurationPlatforms) = preSolution
		Debug|Win32 = Debug|Win32
		Release|Win32 = Release|Win32
	EndGlobalSection
	GlobalSection(ProjectConfigurationPlatforms) = postSolution
		{82CAC18C-9E5F-43E1-8F1B-31C746265DEC}.Debug|Win32.ActiveCfg = Debug|Win32
		{82CAC18C-9E5F-43E1-8F1B-31C746265DEC}.Debug|Win32.Build.0 = Debug|Win32
		{82CAC18C-9E5F-43E1-8F1B-31C746265DEC}.Release|Win32.ActiveCfg = Release|Win32
		{82CAC18C-9E5F-43E1-8F1B-31C746265DEC}.Release|Win32.Build.0 = Release|Win32
	EndGlobalSection
	GlobalSection(SolutionProperties) = preSolution
		HideSolutionNode = FALSE
	EndGlobalSection
EndGlobal
