
Microsoft Visual Studio Solution File, Format Version 10.00
# Visual Studio 2008
Project("{8BC9CEB8-8B4A-11D0-8D11-00A0C91BC942}") = "Diffuse", "VS Diffuse Lighting\Diffuse.vcproj", "{F09B7419-6210-4183-BC91-0C72145A5916}"
EndProject
Project("{8BC9CEB8-8B4A-11D0-8D11-00A0C91BC942}") = "NoOutlines", "VS Toon 1 No Outlines\NoOutlines.vcproj", "{B3DD1CEA-89DC-4D0F-9F93-DA2CF57611FE}"
EndProject
Project("{8BC9CEB8-8B4A-11D0-8D11-00A0C91BC942}") = "Outlines", "VS Toon 2 With Outlines\Outlines.vcproj", "{F254BE6F-A32C-4AAB-ACB4-F7D204950EF2}"
EndProject
Global
	GlobalSection(SolutionConfigurationPlatforms) = preSolution
		Debug|Win32 = Debug|Win32
		Release|Win32 = Release|Win32
	EndGlobalSection
	GlobalSection(ProjectConfigurationPlatforms) = postSolution
		{F09B7419-6210-4183-BC91-0C72145A5916}.Debug|Win32.ActiveCfg = Debug|Win32
		{F09B7419-6210-4183-BC91-0C72145A5916}.Debug|Win32.Build.0 = Debug|Win32
		{F09B7419-6210-4183-BC91-0C72145A5916}.Release|Win32.ActiveCfg = Release|Win32
		{F09B7419-6210-4183-BC91-0C72145A5916}.Release|Win32.Build.0 = Release|Win32
		{B3DD1CEA-89DC-4D0F-9F93-DA2CF57611FE}.Debug|Win32.ActiveCfg = Debug|Win32
		{B3DD1CEA-89DC-4D0F-9F93-DA2CF57611FE}.Debug|Win32.Build.0 = Debug|Win32
		{B3DD1CEA-89DC-4D0F-9F93-DA2CF57611FE}.Release|Win32.ActiveCfg = Release|Win32
		{B3DD1CEA-89DC-4D0F-9F93-DA2CF57611FE}.Release|Win32.Build.0 = Release|Win32
		{F254BE6F-A32C-4AAB-ACB4-F7D204950EF2}.Debug|Win32.ActiveCfg = Debug|Win32
		{F254BE6F-A32C-4AAB-ACB4-F7D204950EF2}.Debug|Win32.Build.0 = Debug|Win32
		{F254BE6F-A32C-4AAB-ACB4-F7D204950EF2}.Release|Win32.ActiveCfg = Release|Win32
		{F254BE6F-A32C-4AAB-ACB4-F7D204950EF2}.Release|Win32.Build.0 = Release|Win32
	EndGlobalSection
	GlobalSection(SolutionProperties) = preSolution
		HideSolutionNode = FALSE
	EndGlobalSection
EndGlobal
