
Microsoft Visual Studio Solution File, Format Version 9.00
# Visual Studio 2005
Project("{8BC9CEB8-8B4A-11D0-8D11-00A0C91BC942}") = "adns_dll", "adns_dll\adns_dll.vcproj", "{9FF88DFF-2117-442A-BFAD-D0D3A1ACC09C}"
EndProject
Project("{8BC9CEB8-8B4A-11D0-8D11-00A0C91BC942}") = "adns_win32", "adns_win32_2005.vcproj", "{DC348D89-9FAF-4F63-8433-79B42520AE26}"
	ProjectSection(ProjectDependencies) = postProject
		{B9867E05-8D34-4DD0-9F25-C13FA56C6774} = {B9867E05-8D34-4DD0-9F25-C13FA56C6774}
	EndProjectSection
EndProject
Project("{8BC9CEB8-8B4A-11D0-8D11-00A0C91BC942}") = "adnshost", "adnshost\adnshost_2005.vcproj", "{D99C78C6-9403-47E3-9A4C-3ACF6B27B5E6}"
	ProjectSection(ProjectDependencies) = postProject
		{9FF88DFF-2117-442A-BFAD-D0D3A1ACC09C} = {9FF88DFF-2117-442A-BFAD-D0D3A1ACC09C}
	EndProjectSection
EndProject
Project("{8BC9CEB8-8B4A-11D0-8D11-00A0C91BC942}") = "adnslogres", "adnslogres\adnslogres_2005.vcproj", "{5DFA1025-42F8-4438-9A7C-9D0FD9E13664}"
	ProjectSection(ProjectDependencies) = postProject
		{9FF88DFF-2117-442A-BFAD-D0D3A1ACC09C} = {9FF88DFF-2117-442A-BFAD-D0D3A1ACC09C}
	EndProjectSection
EndProject
Project("{8BC9CEB8-8B4A-11D0-8D11-00A0C91BC942}") = "adnstest", "adnstest\adnstest_2005.vcproj", "{B9867E05-8D34-4DD0-9F25-C13FA56C6774}"
	ProjectSection(ProjectDependencies) = postProject
		{9FF88DFF-2117-442A-BFAD-D0D3A1ACC09C} = {9FF88DFF-2117-442A-BFAD-D0D3A1ACC09C}
	EndProjectSection
EndProject
Project("{8BC9CEB8-8B4A-11D0-8D11-00A0C91BC942}") = "fanftest", "fanftest\fanftest_2005.vcproj", "{BD85EDA2-D7D8-4F7A-9CCE-49A2CA6E436E}"
	ProjectSection(ProjectDependencies) = postProject
		{9FF88DFF-2117-442A-BFAD-D0D3A1ACC09C} = {9FF88DFF-2117-442A-BFAD-D0D3A1ACC09C}
	EndProjectSection
EndProject
Global
	GlobalSection(SolutionConfigurationPlatforms) = preSolution
		Debug|Win32 = Debug|Win32
		Release|Win32 = Release|Win32
	EndGlobalSection
	GlobalSection(ProjectConfigurationPlatforms) = postSolution
		{9FF88DFF-2117-442A-BFAD-D0D3A1ACC09C}.Debug|Win32.ActiveCfg = Debug|Win32
		{9FF88DFF-2117-442A-BFAD-D0D3A1ACC09C}.Debug|Win32.Build.0 = Debug|Win32
		{9FF88DFF-2117-442A-BFAD-D0D3A1ACC09C}.Release|Win32.ActiveCfg = Release|Win32
		{9FF88DFF-2117-442A-BFAD-D0D3A1ACC09C}.Release|Win32.Build.0 = Release|Win32
		{DC348D89-9FAF-4F63-8433-79B42520AE26}.Debug|Win32.ActiveCfg = Debug|Win32
		{DC348D89-9FAF-4F63-8433-79B42520AE26}.Debug|Win32.Build.0 = Debug|Win32
		{DC348D89-9FAF-4F63-8433-79B42520AE26}.Release|Win32.ActiveCfg = Release|Win32
		{DC348D89-9FAF-4F63-8433-79B42520AE26}.Release|Win32.Build.0 = Release|Win32
		{D99C78C6-9403-47E3-9A4C-3ACF6B27B5E6}.Debug|Win32.ActiveCfg = Debug|Win32
		{D99C78C6-9403-47E3-9A4C-3ACF6B27B5E6}.Debug|Win32.Build.0 = Debug|Win32
		{D99C78C6-9403-47E3-9A4C-3ACF6B27B5E6}.Release|Win32.ActiveCfg = Release|Win32
		{D99C78C6-9403-47E3-9A4C-3ACF6B27B5E6}.Release|Win32.Build.0 = Release|Win32
		{5DFA1025-42F8-4438-9A7C-9D0FD9E13664}.Debug|Win32.ActiveCfg = Debug|Win32
		{5DFA1025-42F8-4438-9A7C-9D0FD9E13664}.Debug|Win32.Build.0 = Debug|Win32
		{5DFA1025-42F8-4438-9A7C-9D0FD9E13664}.Release|Win32.ActiveCfg = Release|Win32
		{5DFA1025-42F8-4438-9A7C-9D0FD9E13664}.Release|Win32.Build.0 = Release|Win32
		{B9867E05-8D34-4DD0-9F25-C13FA56C6774}.Debug|Win32.ActiveCfg = Debug|Win32
		{B9867E05-8D34-4DD0-9F25-C13FA56C6774}.Debug|Win32.Build.0 = Debug|Win32
		{B9867E05-8D34-4DD0-9F25-C13FA56C6774}.Release|Win32.ActiveCfg = Release|Win32
		{B9867E05-8D34-4DD0-9F25-C13FA56C6774}.Release|Win32.Build.0 = Release|Win32
		{BD85EDA2-D7D8-4F7A-9CCE-49A2CA6E436E}.Debug|Win32.ActiveCfg = Debug|Win32
		{BD85EDA2-D7D8-4F7A-9CCE-49A2CA6E436E}.Debug|Win32.Build.0 = Debug|Win32
		{BD85EDA2-D7D8-4F7A-9CCE-49A2CA6E436E}.Release|Win32.ActiveCfg = Release|Win32
		{BD85EDA2-D7D8-4F7A-9CCE-49A2CA6E436E}.Release|Win32.Build.0 = Release|Win32
	EndGlobalSection
	GlobalSection(SolutionProperties) = preSolution
		HideSolutionNode = FALSE
	EndGlobalSection
EndGlobal
