Microsoft Visual Studio Solution File, Format Version 9.00
# Visual Studio 2005
Project("{8BC9CEB8-8B4A-11D0-8D11-00A0C91BC942}") = "Radiant", "Radiant.vcproj", "{D92DD0A3-9D6B-4183-992C-0FF42BC59A62}"
	ProjectSection(ProjectDependencies) = postProject
		{EFB1E65A-E86F-4E0D-845A-E5C7A3DF016F} = {EFB1E65A-E86F-4E0D-845A-E5C7A3DF016F}
		{63F2947A-5BD9-48C2-8BEA-7AB341F6B48F} = {63F2947A-5BD9-48C2-8BEA-7AB341F6B48F}
	EndProjectSection
EndProject
Project("{8BC9CEB8-8B4A-11D0-8D11-00A0C91BC942}") = "Splines", "splines\Splines.vcproj", "{63F2947A-5BD9-48C2-8BEA-7AB341F6B48F}"
EndProject
Project("{8BC9CEB8-8B4A-11D0-8D11-00A0C91BC942}") = "cmdlib", "..\libs\cmdlib\cmdlib.vcproj", "{EFB1E65A-E86F-4E0D-845A-E5C7A3DF016F}"
EndProject
Project("{8BC9CEB8-8B4A-11D0-8D11-00A0C91BC942}") = "jpeg6", "..\libs\jpeg6\jpeg6.vcproj", "{A862AD26-94DD-4618-A814-F6AACA0B2FE3}"
EndProject
Project("{8BC9CEB8-8B4A-11D0-8D11-00A0C91BC942}") = "pak", "..\libs\pak\pak.vcproj", "{F2ACC9D7-D628-4624-864F-87FE58787625}"
EndProject
Project("{8BC9CEB8-8B4A-11D0-8D11-00A0C91BC942}") = "q3map", "..\q3map\q3map.vcproj", "{F1162C55-66E7-4486-B1F3-071CFAA78332}"
EndProject
Global
	GlobalSection(SolutionConfigurationPlatforms) = preSolution
		Debug|Win32 = Debug|Win32
		DebugTTimo|Win32 = DebugTTimo|Win32
		Release|Win32 = Release|Win32
		ReleaseTTimo|Win32 = ReleaseTTimo|Win32
	EndGlobalSection
	GlobalSection(ProjectConfigurationPlatforms) = postSolution
		{D92DD0A3-9D6B-4183-992C-0FF42BC59A62}.Debug|Win32.ActiveCfg = Debug|Win32
		{D92DD0A3-9D6B-4183-992C-0FF42BC59A62}.Debug|Win32.Build.0 = Debug|Win32
		{D92DD0A3-9D6B-4183-992C-0FF42BC59A62}.DebugTTimo|Win32.ActiveCfg = DebugTTimo|Win32
		{D92DD0A3-9D6B-4183-992C-0FF42BC59A62}.DebugTTimo|Win32.Build.0 = DebugTTimo|Win32
		{D92DD0A3-9D6B-4183-992C-0FF42BC59A62}.Release|Win32.ActiveCfg = Release|Win32
		{D92DD0A3-9D6B-4183-992C-0FF42BC59A62}.Release|Win32.Build.0 = Release|Win32
		{D92DD0A3-9D6B-4183-992C-0FF42BC59A62}.ReleaseTTimo|Win32.ActiveCfg = ReleaseTTimo|Win32
		{D92DD0A3-9D6B-4183-992C-0FF42BC59A62}.ReleaseTTimo|Win32.Build.0 = ReleaseTTimo|Win32
		{63F2947A-5BD9-48C2-8BEA-7AB341F6B48F}.Debug|Win32.ActiveCfg = Debug|Win32
		{63F2947A-5BD9-48C2-8BEA-7AB341F6B48F}.Debug|Win32.Build.0 = Debug|Win32
		{63F2947A-5BD9-48C2-8BEA-7AB341F6B48F}.DebugTTimo|Win32.ActiveCfg = Debug|Win32
		{63F2947A-5BD9-48C2-8BEA-7AB341F6B48F}.DebugTTimo|Win32.Build.0 = Debug|Win32
		{63F2947A-5BD9-48C2-8BEA-7AB341F6B48F}.Release|Win32.ActiveCfg = Release|Win32
		{63F2947A-5BD9-48C2-8BEA-7AB341F6B48F}.Release|Win32.Build.0 = Release|Win32
		{63F2947A-5BD9-48C2-8BEA-7AB341F6B48F}.ReleaseTTimo|Win32.ActiveCfg = Release|Win32
		{63F2947A-5BD9-48C2-8BEA-7AB341F6B48F}.ReleaseTTimo|Win32.Build.0 = Release|Win32
		{EFB1E65A-E86F-4E0D-845A-E5C7A3DF016F}.Debug|Win32.ActiveCfg = Debug|Win32
		{EFB1E65A-E86F-4E0D-845A-E5C7A3DF016F}.Debug|Win32.Build.0 = Debug|Win32
		{EFB1E65A-E86F-4E0D-845A-E5C7A3DF016F}.DebugTTimo|Win32.ActiveCfg = Debug|Win32
		{EFB1E65A-E86F-4E0D-845A-E5C7A3DF016F}.DebugTTimo|Win32.Build.0 = Debug|Win32
		{EFB1E65A-E86F-4E0D-845A-E5C7A3DF016F}.Release|Win32.ActiveCfg = Release|Win32
		{EFB1E65A-E86F-4E0D-845A-E5C7A3DF016F}.Release|Win32.Build.0 = Release|Win32
		{EFB1E65A-E86F-4E0D-845A-E5C7A3DF016F}.ReleaseTTimo|Win32.ActiveCfg = Release|Win32
		{EFB1E65A-E86F-4E0D-845A-E5C7A3DF016F}.ReleaseTTimo|Win32.Build.0 = Release|Win32
		{A862AD26-94DD-4618-A814-F6AACA0B2FE3}.Debug|Win32.ActiveCfg = Debug|Win32
		{A862AD26-94DD-4618-A814-F6AACA0B2FE3}.DebugTTimo|Win32.ActiveCfg = Debug|Win32
		{A862AD26-94DD-4618-A814-F6AACA0B2FE3}.DebugTTimo|Win32.Build.0 = Debug|Win32
		{A862AD26-94DD-4618-A814-F6AACA0B2FE3}.Release|Win32.ActiveCfg = Release|Win32
		{A862AD26-94DD-4618-A814-F6AACA0B2FE3}.ReleaseTTimo|Win32.ActiveCfg = Release|Win32
		{A862AD26-94DD-4618-A814-F6AACA0B2FE3}.ReleaseTTimo|Win32.Build.0 = Release|Win32
		{F2ACC9D7-D628-4624-864F-87FE58787625}.Debug|Win32.ActiveCfg = Debug|Win32
		{F2ACC9D7-D628-4624-864F-87FE58787625}.DebugTTimo|Win32.ActiveCfg = Debug|Win32
		{F2ACC9D7-D628-4624-864F-87FE58787625}.DebugTTimo|Win32.Build.0 = Debug|Win32
		{F2ACC9D7-D628-4624-864F-87FE58787625}.Release|Win32.ActiveCfg = Release|Win32
		{F2ACC9D7-D628-4624-864F-87FE58787625}.ReleaseTTimo|Win32.ActiveCfg = Release|Win32
		{F2ACC9D7-D628-4624-864F-87FE58787625}.ReleaseTTimo|Win32.Build.0 = Release|Win32
		{F1162C55-66E7-4486-B1F3-071CFAA78332}.Debug|Win32.ActiveCfg = Debug|Win32
		{F1162C55-66E7-4486-B1F3-071CFAA78332}.DebugTTimo|Win32.ActiveCfg = DebugTTimo|Win32
		{F1162C55-66E7-4486-B1F3-071CFAA78332}.DebugTTimo|Win32.Build.0 = DebugTTimo|Win32
		{F1162C55-66E7-4486-B1F3-071CFAA78332}.Release|Win32.ActiveCfg = Release|Win32
		{F1162C55-66E7-4486-B1F3-071CFAA78332}.ReleaseTTimo|Win32.ActiveCfg = ReleaseTTimo|Win32
		{F1162C55-66E7-4486-B1F3-071CFAA78332}.ReleaseTTimo|Win32.Build.0 = ReleaseTTimo|Win32
	EndGlobalSection
	GlobalSection(SolutionProperties) = preSolution
		HideSolutionNode = FALSE
	EndGlobalSection
EndGlobal
