
Microsoft Visual Studio Solution File, Format Version 10.00
# Visual Studio 2008
Project("{8BC9CEB8-8B4A-11D0-8D11-00A0C91BC942}") = "camera_car", "camera_car\camera_car.vcproj", "{98B8DCD1-ABFD-4AC8-9E63-D9BE3D7E4FFD}"
	ProjectSection(ProjectDependencies) = postProject
		{12323F50-B0EE-4582-9F73-41E67A5699A6} = {12323F50-B0EE-4582-9F73-41E67A5699A6}
	EndProjectSection
EndProject
Project("{8BC9CEB8-8B4A-11D0-8D11-00A0C91BC942}") = "camera_fly", "camera_fly\camera_fly.vcproj", "{9D463127-B66A-440C-9033-54EF507DC69B}"
	ProjectSection(ProjectDependencies) = postProject
		{12323F50-B0EE-4582-9F73-41E67A5699A6} = {12323F50-B0EE-4582-9F73-41E67A5699A6}
	EndProjectSection
EndProject
Project("{8BC9CEB8-8B4A-11D0-8D11-00A0C91BC942}") = "instance", "instance\instance.vcproj", "{85B94146-A195-4C15-9938-D0FD5024AABE}"
	ProjectSection(ProjectDependencies) = postProject
		{12323F50-B0EE-4582-9F73-41E67A5699A6} = {12323F50-B0EE-4582-9F73-41E67A5699A6}
	EndProjectSection
EndProject
Project("{8BC9CEB8-8B4A-11D0-8D11-00A0C91BC942}") = "mouse_rotate", "mouse_rotate\mouse_rotate.vcproj", "{5F9DDC83-EC23-4C70-9338-9783C3204A6D}"
	ProjectSection(ProjectDependencies) = postProject
		{12323F50-B0EE-4582-9F73-41E67A5699A6} = {12323F50-B0EE-4582-9F73-41E67A5699A6}
	EndProjectSection
EndProject
Project("{8BC9CEB8-8B4A-11D0-8D11-00A0C91BC942}") = "rotation", "rotation\rotation.vcproj", "{045BC0AC-C1F9-460B-8C5E-A639EE3D1382}"
	ProjectSection(ProjectDependencies) = postProject
		{12323F50-B0EE-4582-9F73-41E67A5699A6} = {12323F50-B0EE-4582-9F73-41E67A5699A6}
	EndProjectSection
EndProject
Project("{8BC9CEB8-8B4A-11D0-8D11-00A0C91BC942}") = "scale", "scale\scale.vcproj", "{8D6E8BBB-F142-4FA3-9512-10CE28DAB157}"
	ProjectSection(ProjectDependencies) = postProject
		{12323F50-B0EE-4582-9F73-41E67A5699A6} = {12323F50-B0EE-4582-9F73-41E67A5699A6}
	EndProjectSection
EndProject
Project("{8BC9CEB8-8B4A-11D0-8D11-00A0C91BC942}") = "solar_system", "solar_system\solar_system.vcproj", "{08A5C262-DB3A-484B-B722-908C2BB3A3FF}"
	ProjectSection(ProjectDependencies) = postProject
		{12323F50-B0EE-4582-9F73-41E67A5699A6} = {12323F50-B0EE-4582-9F73-41E67A5699A6}
	EndProjectSection
EndProject
Project("{8BC9CEB8-8B4A-11D0-8D11-00A0C91BC942}") = "solar_system_shader", "solar_system_shader\solar_system_shader.vcproj", "{D198C049-0803-4CF7-93C2-DE75B9663567}"
	ProjectSection(ProjectDependencies) = postProject
		{12323F50-B0EE-4582-9F73-41E67A5699A6} = {12323F50-B0EE-4582-9F73-41E67A5699A6}
	EndProjectSection
EndProject
Project("{8BC9CEB8-8B4A-11D0-8D11-00A0C91BC942}") = "solar_system2", "solar_system2\solar_system2.vcproj", "{86870DC4-188B-4597-9D26-249FE5E97749}"
	ProjectSection(ProjectDependencies) = postProject
		{12323F50-B0EE-4582-9F73-41E67A5699A6} = {12323F50-B0EE-4582-9F73-41E67A5699A6}
	EndProjectSection
EndProject
Project("{8BC9CEB8-8B4A-11D0-8D11-00A0C91BC942}") = "solid", "solid\solid.vcproj", "{021F9952-589E-4F42-91BB-0F86EC7DC473}"
	ProjectSection(ProjectDependencies) = postProject
		{12323F50-B0EE-4582-9F73-41E67A5699A6} = {12323F50-B0EE-4582-9F73-41E67A5699A6}
	EndProjectSection
EndProject
Project("{8BC9CEB8-8B4A-11D0-8D11-00A0C91BC942}") = "sphere", "sphere\sphere.vcproj", "{8208C2FB-0F4F-4041-AA48-49739573C930}"
	ProjectSection(ProjectDependencies) = postProject
		{12323F50-B0EE-4582-9F73-41E67A5699A6} = {12323F50-B0EE-4582-9F73-41E67A5699A6}
	EndProjectSection
EndProject
Project("{8BC9CEB8-8B4A-11D0-8D11-00A0C91BC942}") = "sphere_vertexbuffer", "sphere_vertexbuffer\sphere_vertexbuffer.vcproj", "{231FC2B6-822C-4CC9-B481-5F3612725315}"
	ProjectSection(ProjectDependencies) = postProject
		{12323F50-B0EE-4582-9F73-41E67A5699A6} = {12323F50-B0EE-4582-9F73-41E67A5699A6}
	EndProjectSection
EndProject
Project("{8BC9CEB8-8B4A-11D0-8D11-00A0C91BC942}") = "glib", "..\glib\glib_vc2005.vcproj", "{12323F50-B0EE-4582-9F73-41E67A5699A6}"
EndProject
Global
	GlobalSection(SolutionConfigurationPlatforms) = preSolution
		Debug_DX10|Win32 = Debug_DX10|Win32
		Debug|Win32 = Debug|Win32
		Release_DX10|Win32 = Release_DX10|Win32
		Release|Win32 = Release|Win32
	EndGlobalSection
	GlobalSection(ProjectConfigurationPlatforms) = postSolution
		{98B8DCD1-ABFD-4AC8-9E63-D9BE3D7E4FFD}.Debug_DX10|Win32.ActiveCfg = Debug_DX10|Win32
		{98B8DCD1-ABFD-4AC8-9E63-D9BE3D7E4FFD}.Debug_DX10|Win32.Build.0 = Debug_DX10|Win32
		{98B8DCD1-ABFD-4AC8-9E63-D9BE3D7E4FFD}.Debug|Win32.ActiveCfg = Debug|Win32
		{98B8DCD1-ABFD-4AC8-9E63-D9BE3D7E4FFD}.Debug|Win32.Build.0 = Debug|Win32
		{98B8DCD1-ABFD-4AC8-9E63-D9BE3D7E4FFD}.Release_DX10|Win32.ActiveCfg = Release_DX10|Win32
		{98B8DCD1-ABFD-4AC8-9E63-D9BE3D7E4FFD}.Release_DX10|Win32.Build.0 = Release_DX10|Win32
		{98B8DCD1-ABFD-4AC8-9E63-D9BE3D7E4FFD}.Release|Win32.ActiveCfg = Release|Win32
		{98B8DCD1-ABFD-4AC8-9E63-D9BE3D7E4FFD}.Release|Win32.Build.0 = Release|Win32
		{9D463127-B66A-440C-9033-54EF507DC69B}.Debug_DX10|Win32.ActiveCfg = Debug_DX10|Win32
		{9D463127-B66A-440C-9033-54EF507DC69B}.Debug_DX10|Win32.Build.0 = Debug_DX10|Win32
		{9D463127-B66A-440C-9033-54EF507DC69B}.Debug|Win32.ActiveCfg = Debug|Win32
		{9D463127-B66A-440C-9033-54EF507DC69B}.Debug|Win32.Build.0 = Debug|Win32
		{9D463127-B66A-440C-9033-54EF507DC69B}.Release_DX10|Win32.ActiveCfg = Release_DX10|Win32
		{9D463127-B66A-440C-9033-54EF507DC69B}.Release_DX10|Win32.Build.0 = Release_DX10|Win32
		{9D463127-B66A-440C-9033-54EF507DC69B}.Release|Win32.ActiveCfg = Release|Win32
		{9D463127-B66A-440C-9033-54EF507DC69B}.Release|Win32.Build.0 = Release|Win32
		{85B94146-A195-4C15-9938-D0FD5024AABE}.Debug_DX10|Win32.ActiveCfg = Debug_DX10|Win32
		{85B94146-A195-4C15-9938-D0FD5024AABE}.Debug_DX10|Win32.Build.0 = Debug_DX10|Win32
		{85B94146-A195-4C15-9938-D0FD5024AABE}.Debug|Win32.ActiveCfg = Debug|Win32
		{85B94146-A195-4C15-9938-D0FD5024AABE}.Debug|Win32.Build.0 = Debug|Win32
		{85B94146-A195-4C15-9938-D0FD5024AABE}.Release_DX10|Win32.ActiveCfg = Release_DX10|Win32
		{85B94146-A195-4C15-9938-D0FD5024AABE}.Release_DX10|Win32.Build.0 = Release_DX10|Win32
		{85B94146-A195-4C15-9938-D0FD5024AABE}.Release|Win32.ActiveCfg = Release|Win32
		{85B94146-A195-4C15-9938-D0FD5024AABE}.Release|Win32.Build.0 = Release|Win32
		{5F9DDC83-EC23-4C70-9338-9783C3204A6D}.Debug_DX10|Win32.ActiveCfg = Debug_DX10|Win32
		{5F9DDC83-EC23-4C70-9338-9783C3204A6D}.Debug_DX10|Win32.Build.0 = Debug_DX10|Win32
		{5F9DDC83-EC23-4C70-9338-9783C3204A6D}.Debug|Win32.ActiveCfg = Debug|Win32
		{5F9DDC83-EC23-4C70-9338-9783C3204A6D}.Debug|Win32.Build.0 = Debug|Win32
		{5F9DDC83-EC23-4C70-9338-9783C3204A6D}.Release_DX10|Win32.ActiveCfg = Release_DX10|Win32
		{5F9DDC83-EC23-4C70-9338-9783C3204A6D}.Release_DX10|Win32.Build.0 = Release_DX10|Win32
		{5F9DDC83-EC23-4C70-9338-9783C3204A6D}.Release|Win32.ActiveCfg = Release|Win32
		{5F9DDC83-EC23-4C70-9338-9783C3204A6D}.Release|Win32.Build.0 = Release|Win32
		{045BC0AC-C1F9-460B-8C5E-A639EE3D1382}.Debug_DX10|Win32.ActiveCfg = Debug_DX10|Win32
		{045BC0AC-C1F9-460B-8C5E-A639EE3D1382}.Debug_DX10|Win32.Build.0 = Debug_DX10|Win32
		{045BC0AC-C1F9-460B-8C5E-A639EE3D1382}.Debug|Win32.ActiveCfg = Debug|Win32
		{045BC0AC-C1F9-460B-8C5E-A639EE3D1382}.Debug|Win32.Build.0 = Debug|Win32
		{045BC0AC-C1F9-460B-8C5E-A639EE3D1382}.Release_DX10|Win32.ActiveCfg = Release_DX10|Win32
		{045BC0AC-C1F9-460B-8C5E-A639EE3D1382}.Release_DX10|Win32.Build.0 = Release_DX10|Win32
		{045BC0AC-C1F9-460B-8C5E-A639EE3D1382}.Release|Win32.ActiveCfg = Release|Win32
		{045BC0AC-C1F9-460B-8C5E-A639EE3D1382}.Release|Win32.Build.0 = Release|Win32
		{8D6E8BBB-F142-4FA3-9512-10CE28DAB157}.Debug_DX10|Win32.ActiveCfg = Debug_DX10|Win32
		{8D6E8BBB-F142-4FA3-9512-10CE28DAB157}.Debug_DX10|Win32.Build.0 = Debug_DX10|Win32
		{8D6E8BBB-F142-4FA3-9512-10CE28DAB157}.Debug|Win32.ActiveCfg = Debug|Win32
		{8D6E8BBB-F142-4FA3-9512-10CE28DAB157}.Debug|Win32.Build.0 = Debug|Win32
		{8D6E8BBB-F142-4FA3-9512-10CE28DAB157}.Release_DX10|Win32.ActiveCfg = Release_DX10|Win32
		{8D6E8BBB-F142-4FA3-9512-10CE28DAB157}.Release_DX10|Win32.Build.0 = Release_DX10|Win32
		{8D6E8BBB-F142-4FA3-9512-10CE28DAB157}.Release|Win32.ActiveCfg = Release|Win32
		{8D6E8BBB-F142-4FA3-9512-10CE28DAB157}.Release|Win32.Build.0 = Release|Win32
		{08A5C262-DB3A-484B-B722-908C2BB3A3FF}.Debug_DX10|Win32.ActiveCfg = Debug_DX10|Win32
		{08A5C262-DB3A-484B-B722-908C2BB3A3FF}.Debug_DX10|Win32.Build.0 = Debug_DX10|Win32
		{08A5C262-DB3A-484B-B722-908C2BB3A3FF}.Debug|Win32.ActiveCfg = Debug|Win32
		{08A5C262-DB3A-484B-B722-908C2BB3A3FF}.Debug|Win32.Build.0 = Debug|Win32
		{08A5C262-DB3A-484B-B722-908C2BB3A3FF}.Release_DX10|Win32.ActiveCfg = Release_DX10|Win32
		{08A5C262-DB3A-484B-B722-908C2BB3A3FF}.Release_DX10|Win32.Build.0 = Release_DX10|Win32
		{08A5C262-DB3A-484B-B722-908C2BB3A3FF}.Release|Win32.ActiveCfg = Release|Win32
		{08A5C262-DB3A-484B-B722-908C2BB3A3FF}.Release|Win32.Build.0 = Release|Win32
		{D198C049-0803-4CF7-93C2-DE75B9663567}.Debug_DX10|Win32.ActiveCfg = Debug_DX10|Win32
		{D198C049-0803-4CF7-93C2-DE75B9663567}.Debug_DX10|Win32.Build.0 = Debug_DX10|Win32
		{D198C049-0803-4CF7-93C2-DE75B9663567}.Debug|Win32.ActiveCfg = Debug|Win32
		{D198C049-0803-4CF7-93C2-DE75B9663567}.Debug|Win32.Build.0 = Debug|Win32
		{D198C049-0803-4CF7-93C2-DE75B9663567}.Release_DX10|Win32.ActiveCfg = Release_DX10|Win32
		{D198C049-0803-4CF7-93C2-DE75B9663567}.Release_DX10|Win32.Build.0 = Release_DX10|Win32
		{D198C049-0803-4CF7-93C2-DE75B9663567}.Release|Win32.ActiveCfg = Release|Win32
		{D198C049-0803-4CF7-93C2-DE75B9663567}.Release|Win32.Build.0 = Release|Win32
		{86870DC4-188B-4597-9D26-249FE5E97749}.Debug_DX10|Win32.ActiveCfg = Debug_DX10|Win32
		{86870DC4-188B-4597-9D26-249FE5E97749}.Debug_DX10|Win32.Build.0 = Debug_DX10|Win32
		{86870DC4-188B-4597-9D26-249FE5E97749}.Debug|Win32.ActiveCfg = Debug|Win32
		{86870DC4-188B-4597-9D26-249FE5E97749}.Debug|Win32.Build.0 = Debug|Win32
		{86870DC4-188B-4597-9D26-249FE5E97749}.Release_DX10|Win32.ActiveCfg = Release_DX10|Win32
		{86870DC4-188B-4597-9D26-249FE5E97749}.Release_DX10|Win32.Build.0 = Release_DX10|Win32
		{86870DC4-188B-4597-9D26-249FE5E97749}.Release|Win32.ActiveCfg = Release|Win32
		{86870DC4-188B-4597-9D26-249FE5E97749}.Release|Win32.Build.0 = Release|Win32
		{021F9952-589E-4F42-91BB-0F86EC7DC473}.Debug_DX10|Win32.ActiveCfg = Debug_DX10|Win32
		{021F9952-589E-4F42-91BB-0F86EC7DC473}.Debug_DX10|Win32.Build.0 = Debug_DX10|Win32
		{021F9952-589E-4F42-91BB-0F86EC7DC473}.Debug|Win32.ActiveCfg = Debug|Win32
		{021F9952-589E-4F42-91BB-0F86EC7DC473}.Debug|Win32.Build.0 = Debug|Win32
		{021F9952-589E-4F42-91BB-0F86EC7DC473}.Release_DX10|Win32.ActiveCfg = Release_DX10|Win32
		{021F9952-589E-4F42-91BB-0F86EC7DC473}.Release_DX10|Win32.Build.0 = Release_DX10|Win32
		{021F9952-589E-4F42-91BB-0F86EC7DC473}.Release|Win32.ActiveCfg = Release|Win32
		{021F9952-589E-4F42-91BB-0F86EC7DC473}.Release|Win32.Build.0 = Release|Win32
		{8208C2FB-0F4F-4041-AA48-49739573C930}.Debug_DX10|Win32.ActiveCfg = Debug_DX10|Win32
		{8208C2FB-0F4F-4041-AA48-49739573C930}.Debug_DX10|Win32.Build.0 = Debug_DX10|Win32
		{8208C2FB-0F4F-4041-AA48-49739573C930}.Debug|Win32.ActiveCfg = Debug|Win32
		{8208C2FB-0F4F-4041-AA48-49739573C930}.Debug|Win32.Build.0 = Debug|Win32
		{8208C2FB-0F4F-4041-AA48-49739573C930}.Release_DX10|Win32.ActiveCfg = Release_DX10|Win32
		{8208C2FB-0F4F-4041-AA48-49739573C930}.Release_DX10|Win32.Build.0 = Release_DX10|Win32
		{8208C2FB-0F4F-4041-AA48-49739573C930}.Release|Win32.ActiveCfg = Release|Win32
		{8208C2FB-0F4F-4041-AA48-49739573C930}.Release|Win32.Build.0 = Release|Win32
		{231FC2B6-822C-4CC9-B481-5F3612725315}.Debug_DX10|Win32.ActiveCfg = Debug_DX10|Win32
		{231FC2B6-822C-4CC9-B481-5F3612725315}.Debug_DX10|Win32.Build.0 = Debug_DX10|Win32
		{231FC2B6-822C-4CC9-B481-5F3612725315}.Debug|Win32.ActiveCfg = Debug|Win32
		{231FC2B6-822C-4CC9-B481-5F3612725315}.Debug|Win32.Build.0 = Debug|Win32
		{231FC2B6-822C-4CC9-B481-5F3612725315}.Release_DX10|Win32.ActiveCfg = Release_DX10|Win32
		{231FC2B6-822C-4CC9-B481-5F3612725315}.Release_DX10|Win32.Build.0 = Release_DX10|Win32
		{231FC2B6-822C-4CC9-B481-5F3612725315}.Release|Win32.ActiveCfg = Release|Win32
		{231FC2B6-822C-4CC9-B481-5F3612725315}.Release|Win32.Build.0 = Release|Win32
		{12323F50-B0EE-4582-9F73-41E67A5699A6}.Debug_DX10|Win32.ActiveCfg = Debug_DX10|Win32
		{12323F50-B0EE-4582-9F73-41E67A5699A6}.Debug_DX10|Win32.Build.0 = Debug_DX10|Win32
		{12323F50-B0EE-4582-9F73-41E67A5699A6}.Debug|Win32.ActiveCfg = Debug|Win32
		{12323F50-B0EE-4582-9F73-41E67A5699A6}.Debug|Win32.Build.0 = Debug|Win32
		{12323F50-B0EE-4582-9F73-41E67A5699A6}.Release_DX10|Win32.ActiveCfg = Release_DX10|Win32
		{12323F50-B0EE-4582-9F73-41E67A5699A6}.Release_DX10|Win32.Build.0 = Release_DX10|Win32
		{12323F50-B0EE-4582-9F73-41E67A5699A6}.Release|Win32.ActiveCfg = Release|Win32
		{12323F50-B0EE-4582-9F73-41E67A5699A6}.Release|Win32.Build.0 = Release|Win32
	EndGlobalSection
	GlobalSection(SolutionProperties) = preSolution
		HideSolutionNode = FALSE
	EndGlobalSection
EndGlobal
