Microsoft Visual Studio Solution File, Format Version 9.00
# Visual Studio 2005
Project("{8BC9CEB8-8B4A-11D0-8D11-00A0C91BC942}") = "RenderState", "RenderState.vcproj", "{608C5A5E-39B2-4956-A0B4-6128C4EA3EA8}"
EndProject
Global
	GlobalSection(SolutionConfigurationPlatforms) = preSolution
		Debug|Win32 = Debug|Win32
		Release|Win32 = Release|Win32
	EndGlobalSection
	GlobalSection(ProjectConfigurationPlatforms) = postSolution
		{608C5A5E-39B2-4956-A0B4-6128C4EA3EA8}.Debug|Win32.ActiveCfg = Debug|Win32
		{608C5A5E-39B2-4956-A0B4-6128C4EA3EA8}.Debug|Win32.Build.0 = Debug|Win32
		{608C5A5E-39B2-4956-A0B4-6128C4EA3EA8}.Release|Win32.ActiveCfg = Release|Win32
		{608C5A5E-39B2-4956-A0B4-6128C4EA3EA8}.Release|Win32.Build.0 = Release|Win32
	EndGlobalSection
	GlobalSection(SolutionProperties) = preSolution
		HideSolutionNode = FALSE
	EndGlobalSection
EndGlobal
