
Microsoft Visual Studio Solution File, Format Version 10.00
# Visual Studio 2008
Project("{8BC9CEB8-8B4A-11D0-8D11-00A0C91BC942}") = "NcFTP_All", "NcFTP_All.vcproj", "{48A0A6EB-5463-4BD7-BA0C-CC2385AE8D39}"
	ProjectSection(ProjectDependencies) = postProject
		{5B6B9F76-2D6D-46DC-A86A-6DBE58EB8BF0} = {5B6B9F76-2D6D-46DC-A86A-6DBE58EB8BF0}
		{AC44DF94-D1FE-4B6F-97EA-0F739F3D2287} = {AC44DF94-D1FE-4B6F-97EA-0F739F3D2287}
		{2F26D73C-40CB-4E47-AE99-31EA3B0384EF} = {2F26D73C-40CB-4E47-AE99-31EA3B0384EF}
		{0F94BC1C-0141-4E9E-ABA2-3496BEFCF9AC} = {0F94BC1C-0141-4E9E-ABA2-3496BEFCF9AC}
		{9DD3AF0D-716D-4AE7-89DB-6B4B2575D126} = {9DD3AF0D-716D-4AE7-89DB-6B4B2575D126}
		{D8967C0F-7E7E-40E8-8EC8-9C60682910CC} = {D8967C0F-7E7E-40E8-8EC8-9C60682910CC}
		{DBD23AFE-647C-4789-B6FF-0B71911AECF7} = {DBD23AFE-647C-4789-B6FF-0B71911AECF7}
		{CA99FF3A-387E-487C-B536-4446949DCC92} = {CA99FF3A-387E-487C-B536-4446949DCC92}
		{BAE39D56-4141-4537-8D55-E1C684F71B1A} = {BAE39D56-4141-4537-8D55-E1C684F71B1A}
	EndProjectSection
EndProject
Project("{8BC9CEB8-8B4A-11D0-8D11-00A0C91BC942}") = "Strn", "Strn\Strn.vcproj", "{BAE39D56-4141-4537-8D55-E1C684F71B1A}"
EndProject
Project("{8BC9CEB8-8B4A-11D0-8D11-00A0C91BC942}") = "bmed", "win\bmed\bmed.vcproj", "{5B6B9F76-2D6D-46DC-A86A-6DBE58EB8BF0}"
	ProjectSection(ProjectDependencies) = postProject
		{BAE39D56-4141-4537-8D55-E1C684F71B1A} = {BAE39D56-4141-4537-8D55-E1C684F71B1A}
	EndProjectSection
EndProject
Project("{8BC9CEB8-8B4A-11D0-8D11-00A0C91BC942}") = "libncftp", "libncftp\libncftp.vcproj", "{AC44DF94-D1FE-4B6F-97EA-0F739F3D2287}"
	ProjectSection(ProjectDependencies) = postProject
		{CA99FF3A-387E-487C-B536-4446949DCC92} = {CA99FF3A-387E-487C-B536-4446949DCC92}
		{BAE39D56-4141-4537-8D55-E1C684F71B1A} = {BAE39D56-4141-4537-8D55-E1C684F71B1A}
	EndProjectSection
EndProject
Project("{8BC9CEB8-8B4A-11D0-8D11-00A0C91BC942}") = "ncftp", "ncftp\ncftp.vcproj", "{2F26D73C-40CB-4E47-AE99-31EA3B0384EF}"
	ProjectSection(ProjectDependencies) = postProject
		{AC44DF94-D1FE-4B6F-97EA-0F739F3D2287} = {AC44DF94-D1FE-4B6F-97EA-0F739F3D2287}
		{CA99FF3A-387E-487C-B536-4446949DCC92} = {CA99FF3A-387E-487C-B536-4446949DCC92}
		{BAE39D56-4141-4537-8D55-E1C684F71B1A} = {BAE39D56-4141-4537-8D55-E1C684F71B1A}
	EndProjectSection
EndProject
Project("{8BC9CEB8-8B4A-11D0-8D11-00A0C91BC942}") = "ncftpbatch", "sh_util\ncftpbatch.vcproj", "{0F94BC1C-0141-4E9E-ABA2-3496BEFCF9AC}"
	ProjectSection(ProjectDependencies) = postProject
		{AC44DF94-D1FE-4B6F-97EA-0F739F3D2287} = {AC44DF94-D1FE-4B6F-97EA-0F739F3D2287}
		{CA99FF3A-387E-487C-B536-4446949DCC92} = {CA99FF3A-387E-487C-B536-4446949DCC92}
		{BAE39D56-4141-4537-8D55-E1C684F71B1A} = {BAE39D56-4141-4537-8D55-E1C684F71B1A}
	EndProjectSection
EndProject
Project("{8BC9CEB8-8B4A-11D0-8D11-00A0C91BC942}") = "ncftpget", "sh_util\ncftpget.vcproj", "{9DD3AF0D-716D-4AE7-89DB-6B4B2575D126}"
	ProjectSection(ProjectDependencies) = postProject
		{AC44DF94-D1FE-4B6F-97EA-0F739F3D2287} = {AC44DF94-D1FE-4B6F-97EA-0F739F3D2287}
		{CA99FF3A-387E-487C-B536-4446949DCC92} = {CA99FF3A-387E-487C-B536-4446949DCC92}
		{BAE39D56-4141-4537-8D55-E1C684F71B1A} = {BAE39D56-4141-4537-8D55-E1C684F71B1A}
	EndProjectSection
EndProject
Project("{8BC9CEB8-8B4A-11D0-8D11-00A0C91BC942}") = "ncftpls", "sh_util\ncftpls.vcproj", "{D8967C0F-7E7E-40E8-8EC8-9C60682910CC}"
	ProjectSection(ProjectDependencies) = postProject
		{AC44DF94-D1FE-4B6F-97EA-0F739F3D2287} = {AC44DF94-D1FE-4B6F-97EA-0F739F3D2287}
		{CA99FF3A-387E-487C-B536-4446949DCC92} = {CA99FF3A-387E-487C-B536-4446949DCC92}
		{BAE39D56-4141-4537-8D55-E1C684F71B1A} = {BAE39D56-4141-4537-8D55-E1C684F71B1A}
	EndProjectSection
EndProject
Project("{8BC9CEB8-8B4A-11D0-8D11-00A0C91BC942}") = "ncftpput", "sh_util\ncftpput.vcproj", "{DBD23AFE-647C-4789-B6FF-0B71911AECF7}"
	ProjectSection(ProjectDependencies) = postProject
		{AC44DF94-D1FE-4B6F-97EA-0F739F3D2287} = {AC44DF94-D1FE-4B6F-97EA-0F739F3D2287}
		{CA99FF3A-387E-487C-B536-4446949DCC92} = {CA99FF3A-387E-487C-B536-4446949DCC92}
		{BAE39D56-4141-4537-8D55-E1C684F71B1A} = {BAE39D56-4141-4537-8D55-E1C684F71B1A}
	EndProjectSection
EndProject
Project("{8BC9CEB8-8B4A-11D0-8D11-00A0C91BC942}") = "sio", "sio\sio.vcproj", "{CA99FF3A-387E-487C-B536-4446949DCC92}"
EndProject
Global
	GlobalSection(SolutionConfigurationPlatforms) = preSolution
		Debug|Win32 = Debug|Win32
		Release|Win32 = Release|Win32
	EndGlobalSection
	GlobalSection(ProjectConfigurationPlatforms) = postSolution
		{48A0A6EB-5463-4BD7-BA0C-CC2385AE8D39}.Debug|Win32.ActiveCfg = Debug|Win32
		{48A0A6EB-5463-4BD7-BA0C-CC2385AE8D39}.Debug|Win32.Build.0 = Debug|Win32
		{48A0A6EB-5463-4BD7-BA0C-CC2385AE8D39}.Release|Win32.ActiveCfg = Release|Win32
		{48A0A6EB-5463-4BD7-BA0C-CC2385AE8D39}.Release|Win32.Build.0 = Release|Win32
		{BAE39D56-4141-4537-8D55-E1C684F71B1A}.Debug|Win32.ActiveCfg = Debug|Win32
		{BAE39D56-4141-4537-8D55-E1C684F71B1A}.Debug|Win32.Build.0 = Debug|Win32
		{BAE39D56-4141-4537-8D55-E1C684F71B1A}.Release|Win32.ActiveCfg = Release|Win32
		{BAE39D56-4141-4537-8D55-E1C684F71B1A}.Release|Win32.Build.0 = Release|Win32
		{5B6B9F76-2D6D-46DC-A86A-6DBE58EB8BF0}.Debug|Win32.ActiveCfg = Debug|Win32
		{5B6B9F76-2D6D-46DC-A86A-6DBE58EB8BF0}.Debug|Win32.Build.0 = Debug|Win32
		{5B6B9F76-2D6D-46DC-A86A-6DBE58EB8BF0}.Release|Win32.ActiveCfg = Release|Win32
		{5B6B9F76-2D6D-46DC-A86A-6DBE58EB8BF0}.Release|Win32.Build.0 = Release|Win32
		{AC44DF94-D1FE-4B6F-97EA-0F739F3D2287}.Debug|Win32.ActiveCfg = Debug|Win32
		{AC44DF94-D1FE-4B6F-97EA-0F739F3D2287}.Debug|Win32.Build.0 = Debug|Win32
		{AC44DF94-D1FE-4B6F-97EA-0F739F3D2287}.Release|Win32.ActiveCfg = Release|Win32
		{AC44DF94-D1FE-4B6F-97EA-0F739F3D2287}.Release|Win32.Build.0 = Release|Win32
		{2F26D73C-40CB-4E47-AE99-31EA3B0384EF}.Debug|Win32.ActiveCfg = Debug|Win32
		{2F26D73C-40CB-4E47-AE99-31EA3B0384EF}.Debug|Win32.Build.0 = Debug|Win32
		{2F26D73C-40CB-4E47-AE99-31EA3B0384EF}.Release|Win32.ActiveCfg = Release|Win32
		{2F26D73C-40CB-4E47-AE99-31EA3B0384EF}.Release|Win32.Build.0 = Release|Win32
		{0F94BC1C-0141-4E9E-ABA2-3496BEFCF9AC}.Debug|Win32.ActiveCfg = Debug|Win32
		{0F94BC1C-0141-4E9E-ABA2-3496BEFCF9AC}.Debug|Win32.Build.0 = Debug|Win32
		{0F94BC1C-0141-4E9E-ABA2-3496BEFCF9AC}.Release|Win32.ActiveCfg = Release|Win32
		{0F94BC1C-0141-4E9E-ABA2-3496BEFCF9AC}.Release|Win32.Build.0 = Release|Win32
		{9DD3AF0D-716D-4AE7-89DB-6B4B2575D126}.Debug|Win32.ActiveCfg = Debug|Win32
		{9DD3AF0D-716D-4AE7-89DB-6B4B2575D126}.Debug|Win32.Build.0 = Debug|Win32
		{9DD3AF0D-716D-4AE7-89DB-6B4B2575D126}.Release|Win32.ActiveCfg = Release|Win32
		{9DD3AF0D-716D-4AE7-89DB-6B4B2575D126}.Release|Win32.Build.0 = Release|Win32
		{D8967C0F-7E7E-40E8-8EC8-9C60682910CC}.Debug|Win32.ActiveCfg = Debug|Win32
		{D8967C0F-7E7E-40E8-8EC8-9C60682910CC}.Debug|Win32.Build.0 = Debug|Win32
		{D8967C0F-7E7E-40E8-8EC8-9C60682910CC}.Release|Win32.ActiveCfg = Release|Win32
		{D8967C0F-7E7E-40E8-8EC8-9C60682910CC}.Release|Win32.Build.0 = Release|Win32
		{DBD23AFE-647C-4789-B6FF-0B71911AECF7}.Debug|Win32.ActiveCfg = Debug|Win32
		{DBD23AFE-647C-4789-B6FF-0B71911AECF7}.Debug|Win32.Build.0 = Debug|Win32
		{DBD23AFE-647C-4789-B6FF-0B71911AECF7}.Release|Win32.ActiveCfg = Release|Win32
		{DBD23AFE-647C-4789-B6FF-0B71911AECF7}.Release|Win32.Build.0 = Release|Win32
		{CA99FF3A-387E-487C-B536-4446949DCC92}.Debug|Win32.ActiveCfg = Debug|Win32
		{CA99FF3A-387E-487C-B536-4446949DCC92}.Debug|Win32.Build.0 = Debug|Win32
		{CA99FF3A-387E-487C-B536-4446949DCC92}.Release|Win32.ActiveCfg = Release|Win32
		{CA99FF3A-387E-487C-B536-4446949DCC92}.Release|Win32.Build.0 = Release|Win32
	EndGlobalSection
	GlobalSection(SolutionProperties) = preSolution
		HideSolutionNode = FALSE
	EndGlobalSection
EndGlobal
