
Microsoft Visual Studio Solution File, Format Version 10.00
# Visual Studio 2008
Project("{8BC9CEB8-8B4A-11D0-8D11-00A0C91BC942}") = "DrawCurve", "DrawCurve\DrawCurve.vcproj", "{A6FD9BC1-DAC8-479D-A786-56C16345B8D3}"
	ProjectSection(ProjectDependencies) = postProject
		{12323F50-B0EE-4582-9F73-41E67A5699A6} = {12323F50-B0EE-4582-9F73-41E67A5699A6}
	EndProjectSection
EndProject
Project("{8BC9CEB8-8B4A-11D0-8D11-00A0C91BC942}") = "DrawCurve_II", "DrawCurve_II\DrawCurve_II.vcproj", "{653E100E-BC5F-4D1B-89EB-3EE5B50BA2AD}"
	ProjectSection(ProjectDependencies) = postProject
		{12323F50-B0EE-4582-9F73-41E67A5699A6} = {12323F50-B0EE-4582-9F73-41E67A5699A6}
	EndProjectSection
EndProject
Project("{8BC9CEB8-8B4A-11D0-8D11-00A0C91BC942}") = "GPUParticle_DX10", "GPUParticle_DX10\GPUParticle_DX10.vcproj", "{8C27F6C3-4E13-4C0F-B286-C816865F388D}"
	ProjectSection(ProjectDependencies) = postProject
		{12323F50-B0EE-4582-9F73-41E67A5699A6} = {12323F50-B0EE-4582-9F73-41E67A5699A6}
	EndProjectSection
EndProject
Project("{8BC9CEB8-8B4A-11D0-8D11-00A0C91BC942}") = "InstanceID", "Instance_DX10\InstanceID.vcproj", "{15144511-48D1-4C98-840E-96546D6984A8}"
	ProjectSection(ProjectDependencies) = postProject
		{12323F50-B0EE-4582-9F73-41E67A5699A6} = {12323F50-B0EE-4582-9F73-41E67A5699A6}
	EndProjectSection
EndProject
Project("{8BC9CEB8-8B4A-11D0-8D11-00A0C91BC942}") = "ShadowVolumeDX10", "ShadowVolumeDX10\ShadowVolumeDX10.vcproj", "{816E1E1C-B2E4-4D1A-AAF3-534142745F68}"
	ProjectSection(ProjectDependencies) = postProject
		{12323F50-B0EE-4582-9F73-41E67A5699A6} = {12323F50-B0EE-4582-9F73-41E67A5699A6}
	EndProjectSection
EndProject
Project("{8BC9CEB8-8B4A-11D0-8D11-00A0C91BC942}") = "glib", "..\glib\glib_vc2005.vcproj", "{12323F50-B0EE-4582-9F73-41E67A5699A6}"
EndProject
Global
	GlobalSection(SolutionConfigurationPlatforms) = preSolution
		Debug_DX10|Win32 = Debug_DX10|Win32
		Debug|Win32 = Debug|Win32
		Release_DX10|Win32 = Release_DX10|Win32
		Release|Win32 = Release|Win32
	EndGlobalSection
	GlobalSection(ProjectConfigurationPlatforms) = postSolution
		{A6FD9BC1-DAC8-479D-A786-56C16345B8D3}.Debug_DX10|Win32.ActiveCfg = Debug_DX10|Win32
		{A6FD9BC1-DAC8-479D-A786-56C16345B8D3}.Debug_DX10|Win32.Build.0 = Debug_DX10|Win32
		{A6FD9BC1-DAC8-479D-A786-56C16345B8D3}.Debug|Win32.ActiveCfg = Debug|Win32
		{A6FD9BC1-DAC8-479D-A786-56C16345B8D3}.Debug|Win32.Build.0 = Debug|Win32
		{A6FD9BC1-DAC8-479D-A786-56C16345B8D3}.Release_DX10|Win32.ActiveCfg = Release_DX10|Win32
		{A6FD9BC1-DAC8-479D-A786-56C16345B8D3}.Release_DX10|Win32.Build.0 = Release_DX10|Win32
		{A6FD9BC1-DAC8-479D-A786-56C16345B8D3}.Release|Win32.ActiveCfg = Release|Win32
		{A6FD9BC1-DAC8-479D-A786-56C16345B8D3}.Release|Win32.Build.0 = Release|Win32
		{653E100E-BC5F-4D1B-89EB-3EE5B50BA2AD}.Debug_DX10|Win32.ActiveCfg = Debug_DX10|Win32
		{653E100E-BC5F-4D1B-89EB-3EE5B50BA2AD}.Debug_DX10|Win32.Build.0 = Debug_DX10|Win32
		{653E100E-BC5F-4D1B-89EB-3EE5B50BA2AD}.Debug|Win32.ActiveCfg = Debug|Win32
		{653E100E-BC5F-4D1B-89EB-3EE5B50BA2AD}.Debug|Win32.Build.0 = Debug|Win32
		{653E100E-BC5F-4D1B-89EB-3EE5B50BA2AD}.Release_DX10|Win32.ActiveCfg = Release_DX10|Win32
		{653E100E-BC5F-4D1B-89EB-3EE5B50BA2AD}.Release_DX10|Win32.Build.0 = Release_DX10|Win32
		{653E100E-BC5F-4D1B-89EB-3EE5B50BA2AD}.Release|Win32.ActiveCfg = Release|Win32
		{653E100E-BC5F-4D1B-89EB-3EE5B50BA2AD}.Release|Win32.Build.0 = Release|Win32
		{8C27F6C3-4E13-4C0F-B286-C816865F388D}.Debug_DX10|Win32.ActiveCfg = Debug_DX10|Win32
		{8C27F6C3-4E13-4C0F-B286-C816865F388D}.Debug_DX10|Win32.Build.0 = Debug_DX10|Win32
		{8C27F6C3-4E13-4C0F-B286-C816865F388D}.Debug|Win32.ActiveCfg = Debug|Win32
		{8C27F6C3-4E13-4C0F-B286-C816865F388D}.Debug|Win32.Build.0 = Debug|Win32
		{8C27F6C3-4E13-4C0F-B286-C816865F388D}.Release_DX10|Win32.ActiveCfg = Release_DX10|Win32
		{8C27F6C3-4E13-4C0F-B286-C816865F388D}.Release_DX10|Win32.Build.0 = Release_DX10|Win32
		{8C27F6C3-4E13-4C0F-B286-C816865F388D}.Release|Win32.ActiveCfg = Release|Win32
		{8C27F6C3-4E13-4C0F-B286-C816865F388D}.Release|Win32.Build.0 = Release|Win32
		{15144511-48D1-4C98-840E-96546D6984A8}.Debug_DX10|Win32.ActiveCfg = Debug_DX10|Win32
		{15144511-48D1-4C98-840E-96546D6984A8}.Debug_DX10|Win32.Build.0 = Debug_DX10|Win32
		{15144511-48D1-4C98-840E-96546D6984A8}.Debug|Win32.ActiveCfg = Debug|Win32
		{15144511-48D1-4C98-840E-96546D6984A8}.Debug|Win32.Build.0 = Debug|Win32
		{15144511-48D1-4C98-840E-96546D6984A8}.Release_DX10|Win32.ActiveCfg = Release_DX10|Win32
		{15144511-48D1-4C98-840E-96546D6984A8}.Release_DX10|Win32.Build.0 = Release_DX10|Win32
		{15144511-48D1-4C98-840E-96546D6984A8}.Release|Win32.ActiveCfg = Release|Win32
		{15144511-48D1-4C98-840E-96546D6984A8}.Release|Win32.Build.0 = Release|Win32
		{816E1E1C-B2E4-4D1A-AAF3-534142745F68}.Debug_DX10|Win32.ActiveCfg = Debug_DX10|Win32
		{816E1E1C-B2E4-4D1A-AAF3-534142745F68}.Debug_DX10|Win32.Build.0 = Debug_DX10|Win32
		{816E1E1C-B2E4-4D1A-AAF3-534142745F68}.Debug|Win32.ActiveCfg = Debug|Win32
		{816E1E1C-B2E4-4D1A-AAF3-534142745F68}.Debug|Win32.Build.0 = Debug|Win32
		{816E1E1C-B2E4-4D1A-AAF3-534142745F68}.Release_DX10|Win32.ActiveCfg = Release_DX10|Win32
		{816E1E1C-B2E4-4D1A-AAF3-534142745F68}.Release_DX10|Win32.Build.0 = Release_DX10|Win32
		{816E1E1C-B2E4-4D1A-AAF3-534142745F68}.Release|Win32.ActiveCfg = Release|Win32
		{816E1E1C-B2E4-4D1A-AAF3-534142745F68}.Release|Win32.Build.0 = Release|Win32
		{12323F50-B0EE-4582-9F73-41E67A5699A6}.Debug_DX10|Win32.ActiveCfg = Debug_DX10|Win32
		{12323F50-B0EE-4582-9F73-41E67A5699A6}.Debug_DX10|Win32.Build.0 = Debug_DX10|Win32
		{12323F50-B0EE-4582-9F73-41E67A5699A6}.Debug|Win32.ActiveCfg = Debug|Win32
		{12323F50-B0EE-4582-9F73-41E67A5699A6}.Debug|Win32.Build.0 = Debug|Win32
		{12323F50-B0EE-4582-9F73-41E67A5699A6}.Release_DX10|Win32.ActiveCfg = Release_DX10|Win32
		{12323F50-B0EE-4582-9F73-41E67A5699A6}.Release_DX10|Win32.Build.0 = Release_DX10|Win32
		{12323F50-B0EE-4582-9F73-41E67A5699A6}.Release|Win32.ActiveCfg = Release|Win32
		{12323F50-B0EE-4582-9F73-41E67A5699A6}.Release|Win32.Build.0 = Release|Win32
	EndGlobalSection
	GlobalSection(SolutionProperties) = preSolution
		HideSolutionNode = FALSE
	EndGlobalSection
EndGlobal
