<?xml version="1.0" encoding="utf-8"?>
<Project ToolsVersion="4.0" xmlns="http://schemas.microsoft.com/developer/msbuild/2003">
  <ItemGroup>
    <Filter Include="Source Files">
      <UniqueIdentifier>{09e1bd00-31ee-421d-964b-d14acc1df244}</UniqueIdentifier>
      <Extensions>cpp;c;cxx;rc;def;r;odl;idl;hpj;bat</Extensions>
    </Filter>
    <Filter Include="Header Files">
      <UniqueIdentifier>{cc3fe60f-15fa-4a51-93ca-d70a67505dff}</UniqueIdentifier>
      <Extensions>h;hpp;hxx;hm;inl</Extensions>
    </Filter>
    <Filter Include="Resource Files">
      <UniqueIdentifier>{f3e264f8-2800-4b26-905e-302491f502cd}</UniqueIdentifier>
      <Extensions>ico;cur;bmp;dlg;rc2;rct;bin;rgs;gif;jpg;jpeg;jpe</Extensions>
    </Filter>
  </ItemGroup>
  <ItemGroup>
    <ClCompile Include="alloca.c">
      <Filter>Source Files</Filter>
    </ClCompile>
    <ClCompile Include="dfa.c">
      <Filter>Source Files</Filter>
    </ClCompile>
    <ClCompile Include="getopt.c">
      <Filter>Source Files</Filter>
    </ClCompile>
    <ClCompile Include="grep.c">
      <Filter>Source Files</Filter>
    </ClCompile>
    <ClCompile Include="kwset.c">
      <Filter>Source Files</Filter>
    </ClCompile>
    <ClCompile Include="obstack.c">
      <Filter>Source Files</Filter>
    </ClCompile>
    <ClCompile Include="regex.c">
      <Filter>Source Files</Filter>
    </ClCompile>
    <ClCompile Include="search.c">
      <Filter>Source Files</Filter>
    </ClCompile>
  </ItemGroup>
  <ItemGroup>
    <ClInclude Include="dfa.h">
      <Filter>Header Files</Filter>
    </ClInclude>
    <ClInclude Include="getopt.h">
      <Filter>Header Files</Filter>
    </ClInclude>
    <ClInclude Include="getpagesize.h">
      <Filter>Header Files</Filter>
    </ClInclude>
    <ClInclude Include="grep.h">
      <Filter>Header Files</Filter>
    </ClInclude>
    <ClInclude Include="kwset.h">
      <Filter>Header Files</Filter>
    </ClInclude>
    <ClInclude Include="obstack.h">
      <Filter>Header Files</Filter>
    </ClInclude>
    <ClInclude Include="regex.h">
      <Filter>Header Files</Filter>
    </ClInclude>
  </ItemGroup>
</Project>