Microsoft Visual Studio Solution File, Format Version 10.00
# Visual Studio 2008
Project("{8BC9CEB8-8B4A-11D0-8D11-00A0C91BC942}") = "Transfrom", "Transfrom.vcproj", "{CB8FC26C-5B52-4280-8E26-1C17FF97C372}"
EndProject
Global
	GlobalSection(SolutionConfigurationPlatforms) = preSolution
		Debug|Win32 = Debug|Win32
		Release|Win32 = Release|Win32
	EndGlobalSection
	GlobalSection(ProjectConfigurationPlatforms) = postSolution
		{CB8FC26C-5B52-4280-8E26-1C17FF97C372}.Debug|Win32.ActiveCfg = Debug|Win32
		{CB8FC26C-5B52-4280-8E26-1C17FF97C372}.Debug|Win32.Build.0 = Debug|Win32
		{CB8FC26C-5B52-4280-8E26-1C17FF97C372}.Release|Win32.ActiveCfg = Release|Win32
		{CB8FC26C-5B52-4280-8E26-1C17FF97C372}.Release|Win32.Build.0 = Release|Win32
	EndGlobalSection
	GlobalSection(SolutionProperties) = preSolution
		HideSolutionNode = FALSE
	EndGlobalSection
EndGlobal
